// !$*UTF8*$!
{
	archiveVersion = 1;
	classes = {
	};
	objectVersion = 56;
	objects = {

/* Begin PBXBuildFile section */
		38BB8F98297A8E750073D1B1 /* AssemblyModuleBuilder.swift in Sources */ = {isa = PBXBuildFile; fileRef = 38BB8F97297A8E750073D1B1 /* AssemblyModuleBuilder.swift */; };
		38BB8F9A297A9B2E0073D1B1 /* LoadingReusableView.swift in Sources */ = {isa = PBXBuildFile; fileRef = 38BB8F99297A9B2E0073D1B1 /* LoadingReusableView.swift */; };
		38BB8F9D297AA4E20073D1B1 /* NetworkServiceProtocol.swift in Sources */ = {isa = PBXBuildFile; fileRef = 38BB8F9C297AA4E20073D1B1 /* NetworkServiceProtocol.swift */; };
		38BB8F9F297AA53C0073D1B1 /* AssemblyBuilderProtocol.swift in Sources */ = {isa = PBXBuildFile; fileRef = 38BB8F9E297AA53C0073D1B1 /* AssemblyBuilderProtocol.swift */; };
		38BB8FA4297AB3D40073D1B1 /* BaseError.swift in Sources */ = {isa = PBXBuildFile; fileRef = 38BB8FA3297AB3D40073D1B1 /* BaseError.swift */; };
		38BB8FA6297AB42E0073D1B1 /* ErrorAlert.swift in Sources */ = {isa = PBXBuildFile; fileRef = 38BB8FA5297AB42E0073D1B1 /* ErrorAlert.swift */; };
		38BB8FAC297ADDC70073D1B1 /* ComicDataBase.swift in Sources */ = {isa = PBXBuildFile; fileRef = 38BB8FAB297ADDC70073D1B1 /* ComicDataBase.swift */; };
		38BB8FAE297ADE060073D1B1 /* Comics.swift in Sources */ = {isa = PBXBuildFile; fileRef = 38BB8FAD297ADE060073D1B1 /* Comics.swift */; };
		38BB8FB0297ADE390073D1B1 /* Comic.swift in Sources */ = {isa = PBXBuildFile; fileRef = 38BB8FAF297ADE390073D1B1 /* Comic.swift */; };
		38BB8FB2297ADF630073D1B1 /* CharacterDetailsPresenter.swift in Sources */ = {isa = PBXBuildFile; fileRef = 38BB8FB1297ADF630073D1B1 /* CharacterDetailsPresenter.swift */; };
		38BB8FB4297AE3560073D1B1 /* CharacterDetailsViewController.swift in Sources */ = {isa = PBXBuildFile; fileRef = 38BB8FB3297AE3560073D1B1 /* CharacterDetailsViewController.swift */; };
		38BB8FB6297C11320073D1B1 /* TableView.swift in Sources */ = {isa = PBXBuildFile; fileRef = 38BB8FB5297C11320073D1B1 /* TableView.swift */; };
		38BB8FB8297C11CD0073D1B1 /* CollectionView.swift in Sources */ = {isa = PBXBuildFile; fileRef = 38BB8FB7297C11CD0073D1B1 /* CollectionView.swift */; };
		38BB8FBA297C15580073D1B1 /* CharacterDetailsHeaderTableViewCell.swift in Sources */ = {isa = PBXBuildFile; fileRef = 38BB8FB9297C15580073D1B1 /* CharacterDetailsHeaderTableViewCell.swift */; };
		38BB8FBC297C2F2D0073D1B1 /* HeaderView.swift in Sources */ = {isa = PBXBuildFile; fileRef = 38BB8FBB297C2F2D0073D1B1 /* HeaderView.swift */; };
		38BB8FBE297C398E0073D1B1 /* CharacterDescriptionTableViewCell.swift in Sources */ = {isa = PBXBuildFile; fileRef = 38BB8FBD297C398E0073D1B1 /* CharacterDescriptionTableViewCell.swift */; };
		38BB8FC0297C45490073D1B1 /* CharacterComicsTableViewCell.swift in Sources */ = {isa = PBXBuildFile; fileRef = 38BB8FBF297C45490073D1B1 /* CharacterComicsTableViewCell.swift */; };
		38BB8FC2297C47A10073D1B1 /* ComicCollectionViewCell.swift in Sources */ = {isa = PBXBuildFile; fileRef = 38BB8FC1297C47A10073D1B1 /* ComicCollectionViewCell.swift */; };
		38BB8FC7297C863D0073D1B1 /* BADABB__.TTF in Resources */ = {isa = PBXBuildFile; fileRef = 38BB8FC6297C863D0073D1B1 /* BADABB__.TTF */; };
		38BB8FCA297D57940073D1B1 /* Router.swift in Sources */ = {isa = PBXBuildFile; fileRef = 38BB8FC9297D57940073D1B1 /* Router.swift */; };
		38BB8FCC297D61140073D1B1 /* CharacterDetailsViewProtocol.swift in Sources */ = {isa = PBXBuildFile; fileRef = 38BB8FCB297D61140073D1B1 /* CharacterDetailsViewProtocol.swift */; };
		38BB8FCF297D61770073D1B1 /* CharacterDetailsPresenterProtocol.swift in Sources */ = {isa = PBXBuildFile; fileRef = 38BB8FCE297D61770073D1B1 /* CharacterDetailsPresenterProtocol.swift */; };
		38BB8FD1297D62C70073D1B1 /* CharacterPresenterProtocol.swift in Sources */ = {isa = PBXBuildFile; fileRef = 38BB8FD0297D62C70073D1B1 /* CharacterPresenterProtocol.swift */; };
		38BB8FD3297D62DD0073D1B1 /* CharacterListViewProtocol.swift in Sources */ = {isa = PBXBuildFile; fileRef = 38BB8FD2297D62DD0073D1B1 /* CharacterListViewProtocol.swift */; };
		38BB8FD8297D64220073D1B1 /* RouterProtocol.swift in Sources */ = {isa = PBXBuildFile; fileRef = 38BB8FD7297D64220073D1B1 /* RouterProtocol.swift */; };
		38BB8FDB297D7DC40073D1B1 /* Records.gif in Resources */ = {isa = PBXBuildFile; fileRef = 38BB8FDA297D7DC40073D1B1 /* Records.gif */; };
		38BB8FDD297D7E350073D1B1 /* Alert.gif in Resources */ = {isa = PBXBuildFile; fileRef = 38BB8FDC297D7E350073D1B1 /* Alert.gif */; };
		38EF1CCD2977F82500EB5F8E /* AppDelegate.swift in Sources */ = {isa = PBXBuildFile; fileRef = 38EF1CCC2977F82500EB5F8E /* AppDelegate.swift */; };
		38EF1CCF2977F82500EB5F8E /* SceneDelegate.swift in Sources */ = {isa = PBXBuildFile; fileRef = 38EF1CCE2977F82500EB5F8E /* SceneDelegate.swift */; };
		38EF1CD12977F82500EB5F8E /* CharacterListViewController.swift in Sources */ = {isa = PBXBuildFile; fileRef = 38EF1CD02977F82500EB5F8E /* CharacterListViewController.swift */; };
		38EF1CD62977F82800EB5F8E /* Assets.xcassets in Resources */ = {isa = PBXBuildFile; fileRef = 38EF1CD52977F82800EB5F8E /* Assets.xcassets */; };
		38EF1CD92977F82800EB5F8E /* LaunchScreen.storyboard in Resources */ = {isa = PBXBuildFile; fileRef = 38EF1CD72977F82800EB5F8E /* LaunchScreen.storyboard */; };
		38EF1CE42977FB1500EB5F8E /* CharacterListPresenter.swift in Sources */ = {isa = PBXBuildFile; fileRef = 38EF1CE32977FB1400EB5F8E /* CharacterListPresenter.swift */; };
		38EF1CE72977FCEA00EB5F8E /* CharacterCell.swift in Sources */ = {isa = PBXBuildFile; fileRef = 38EF1CE62977FCEA00EB5F8E /* CharacterCell.swift */; };
		38EF1CF22979261B00EB5F8E /* CharacterDataBase.swift in Sources */ = {isa = PBXBuildFile; fileRef = 38EF1CF12979261B00EB5F8E /* CharacterDataBase.swift */; };
		38EF1CF429794F9800EB5F8E /* Characters.swift in Sources */ = {isa = PBXBuildFile; fileRef = 38EF1CF329794F9800EB5F8E /* Characters.swift */; };
		38EF1CF629794FAC00EB5F8E /* Character.swift in Sources */ = {isa = PBXBuildFile; fileRef = 38EF1CF529794FAC00EB5F8E /* Character.swift */; };
		38EF1CF829794FC200EB5F8E /* Image.swift in Sources */ = {isa = PBXBuildFile; fileRef = 38EF1CF729794FC200EB5F8E /* Image.swift */; };
		38EF1CFC2979511000EB5F8E /* ActivityIndicator.swift in Sources */ = {isa = PBXBuildFile; fileRef = 38EF1CFB2979511000EB5F8E /* ActivityIndicator.swift */; };
		38EF1CFF297951CA00EB5F8E /* NetworkService.swift in Sources */ = {isa = PBXBuildFile; fileRef = 38EF1CFE297951CA00EB5F8E /* NetworkService.swift */; };
		38EF1D022979527700EB5F8E /* Hash.swift in Sources */ = {isa = PBXBuildFile; fileRef = 38EF1D012979527700EB5F8E /* Hash.swift */; };
		D4CAF870102BCE318700763F /* Pods_Marvel_Comics.framework in Frameworks */ = {isa = PBXBuildFile; fileRef = DB75884E3A7BF632F7CAE9DC /* Pods_Marvel_Comics.framework */; };
/* End PBXBuildFile section */

/* Begin PBXFileReference section */
		38BB8F97297A8E750073D1B1 /* AssemblyModuleBuilder.swift */ = {isa = PBXFileReference; lastKnownFileType = sourcecode.swift; path = AssemblyModuleBuilder.swift; sourceTree = "<group>"; };
		38BB8F99297A9B2E0073D1B1 /* LoadingReusableView.swift */ = {isa = PBXFileReference; lastKnownFileType = sourcecode.swift; path = LoadingReusableView.swift; sourceTree = "<group>"; };
		38BB8F9C297AA4E20073D1B1 /* NetworkServiceProtocol.swift */ = {isa = PBXFileReference; lastKnownFileType = sourcecode.swift; path = NetworkServiceProtocol.swift; sourceTree = "<group>"; };
		38BB8F9E297AA53C0073D1B1 /* AssemblyBuilderProtocol.swift */ = {isa = PBXFileReference; lastKnownFileType = sourcecode.swift; path = AssemblyBuilderProtocol.swift; sourceTree = "<group>"; };
		38BB8FA3297AB3D40073D1B1 /* BaseError.swift */ = {isa = PBXFileReference; lastKnownFileType = sourcecode.swift; path = BaseError.swift; sourceTree = "<group>"; };
		38BB8FA5297AB42E0073D1B1 /* ErrorAlert.swift */ = {isa = PBXFileReference; lastKnownFileType = sourcecode.swift; path = ErrorAlert.swift; sourceTree = "<group>"; };
		38BB8FAB297ADDC70073D1B1 /* ComicDataBase.swift */ = {isa = PBXFileReference; lastKnownFileType = sourcecode.swift; path = ComicDataBase.swift; sourceTree = "<group>"; };
		38BB8FAD297ADE060073D1B1 /* Comics.swift */ = {isa = PBXFileReference; lastKnownFileType = sourcecode.swift; path = Comics.swift; sourceTree = "<group>"; };
		38BB8FAF297ADE390073D1B1 /* Comic.swift */ = {isa = PBXFileReference; lastKnownFileType = sourcecode.swift; path = Comic.swift; sourceTree = "<group>"; };
		38BB8FB1297ADF630073D1B1 /* CharacterDetailsPresenter.swift */ = {isa = PBXFileReference; lastKnownFileType = sourcecode.swift; path = CharacterDetailsPresenter.swift; sourceTree = "<group>"; };
		38BB8FB3297AE3560073D1B1 /* CharacterDetailsViewController.swift */ = {isa = PBXFileReference; lastKnownFileType = sourcecode.swift; path = CharacterDetailsViewController.swift; sourceTree = "<group>"; };
		38BB8FB5297C11320073D1B1 /* TableView.swift */ = {isa = PBXFileReference; lastKnownFileType = sourcecode.swift; path = TableView.swift; sourceTree = "<group>"; };
		38BB8FB7297C11CD0073D1B1 /* CollectionView.swift */ = {isa = PBXFileReference; lastKnownFileType = sourcecode.swift; path = CollectionView.swift; sourceTree = "<group>"; };
		38BB8FB9297C15580073D1B1 /* CharacterDetailsHeaderTableViewCell.swift */ = {isa = PBXFileReference; lastKnownFileType = sourcecode.swift; path = CharacterDetailsHeaderTableViewCell.swift; sourceTree = "<group>"; };
		38BB8FBB297C2F2D0073D1B1 /* HeaderView.swift */ = {isa = PBXFileReference; lastKnownFileType = sourcecode.swift; path = HeaderView.swift; sourceTree = "<group>"; };
		38BB8FBD297C398E0073D1B1 /* CharacterDescriptionTableViewCell.swift */ = {isa = PBXFileReference; lastKnownFileType = sourcecode.swift; path = CharacterDescriptionTableViewCell.swift; sourceTree = "<group>"; };
		38BB8FBF297C45490073D1B1 /* CharacterComicsTableViewCell.swift */ = {isa = PBXFileReference; lastKnownFileType = sourcecode.swift; path = CharacterComicsTableViewCell.swift; sourceTree = "<group>"; };
		38BB8FC1297C47A10073D1B1 /* ComicCollectionViewCell.swift */ = {isa = PBXFileReference; lastKnownFileType = sourcecode.swift; path = ComicCollectionViewCell.swift; sourceTree = "<group>"; };
		38BB8FC6297C863D0073D1B1 /* BADABB__.TTF */ = {isa = PBXFileReference; lastKnownFileType = file; path = BADABB__.TTF; sourceTree = "<group>"; };
		38BB8FC9297D57940073D1B1 /* Router.swift */ = {isa = PBXFileReference; lastKnownFileType = sourcecode.swift; path = Router.swift; sourceTree = "<group>"; };
		38BB8FCB297D61140073D1B1 /* CharacterDetailsViewProtocol.swift */ = {isa = PBXFileReference; lastKnownFileType = sourcecode.swift; path = CharacterDetailsViewProtocol.swift; sourceTree = "<group>"; };
		38BB8FCE297D61770073D1B1 /* CharacterDetailsPresenterProtocol.swift */ = {isa = PBXFileReference; lastKnownFileType = sourcecode.swift; path = CharacterDetailsPresenterProtocol.swift; sourceTree = "<group>"; };
		38BB8FD0297D62C70073D1B1 /* CharacterPresenterProtocol.swift */ = {isa = PBXFileReference; lastKnownFileType = sourcecode.swift; path = CharacterPresenterProtocol.swift; sourceTree = "<group>"; };
		38BB8FD2297D62DD0073D1B1 /* CharacterListViewProtocol.swift */ = {isa = PBXFileReference; lastKnownFileType = sourcecode.swift; path = CharacterListViewProtocol.swift; sourceTree = "<group>"; };
		38BB8FD7297D64220073D1B1 /* RouterProtocol.swift */ = {isa = PBXFileReference; lastKnownFileType = sourcecode.swift; path = RouterProtocol.swift; sourceTree = "<group>"; };
		38BB8FDA297D7DC40073D1B1 /* Records.gif */ = {isa = PBXFileReference; lastKnownFileType = image.gif; path = Records.gif; sourceTree = "<group>"; };
		38BB8FDC297D7E350073D1B1 /* Alert.gif */ = {isa = PBXFileReference; lastKnownFileType = image.gif; path = Alert.gif; sourceTree = "<group>"; };
		38EF1CC92977F82500EB5F8E /* Marvel-Comics.app */ = {isa = PBXFileReference; explicitFileType = wrapper.application; includeInIndex = 0; path = "Marvel-Comics.app"; sourceTree = BUILT_PRODUCTS_DIR; };
		38EF1CCC2977F82500EB5F8E /* AppDelegate.swift */ = {isa = PBXFileReference; lastKnownFileType = sourcecode.swift; path = AppDelegate.swift; sourceTree = "<group>"; };
		38EF1CCE2977F82500EB5F8E /* SceneDelegate.swift */ = {isa = PBXFileReference; lastKnownFileType = sourcecode.swift; path = SceneDelegate.swift; sourceTree = "<group>"; };
		38EF1CD02977F82500EB5F8E /* CharacterListViewController.swift */ = {isa = PBXFileReference; lastKnownFileType = sourcecode.swift; path = CharacterListViewController.swift; sourceTree = "<group>"; };
		38EF1CD52977F82800EB5F8E /* Assets.xcassets */ = {isa = PBXFileReference; lastKnownFileType = folder.assetcatalog; path = Assets.xcassets; sourceTree = "<group>"; };
		38EF1CD82977F82800EB5F8E /* Base */ = {isa = PBXFileReference; lastKnownFileType = file.storyboard; name = Base; path = Base.lproj/LaunchScreen.storyboard; sourceTree = "<group>"; };
		38EF1CDA2977F82800EB5F8E /* Info.plist */ = {isa = PBXFileReference; lastKnownFileType = text.plist.xml; path = Info.plist; sourceTree = "<group>"; };
		38EF1CE32977FB1400EB5F8E /* CharacterListPresenter.swift */ = {isa = PBXFileReference; lastKnownFileType = sourcecode.swift; path = CharacterListPresenter.swift; sourceTree = "<group>"; };
		38EF1CE62977FCEA00EB5F8E /* CharacterCell.swift */ = {isa = PBXFileReference; lastKnownFileType = sourcecode.swift; path = CharacterCell.swift; sourceTree = "<group>"; };
		38EF1CF12979261B00EB5F8E /* CharacterDataBase.swift */ = {isa = PBXFileReference; lastKnownFileType = sourcecode.swift; path = CharacterDataBase.swift; sourceTree = "<group>"; };
		38EF1CF329794F9800EB5F8E /* Characters.swift */ = {isa = PBXFileReference; lastKnownFileType = sourcecode.swift; path = Characters.swift; sourceTree = "<group>"; };
		38EF1CF529794FAC00EB5F8E /* Character.swift */ = {isa = PBXFileReference; lastKnownFileType = sourcecode.swift; path = Character.swift; sourceTree = "<group>"; };
		38EF1CF729794FC200EB5F8E /* Image.swift */ = {isa = PBXFileReference; lastKnownFileType = sourcecode.swift; path = Image.swift; sourceTree = "<group>"; };
		38EF1CFB2979511000EB5F8E /* ActivityIndicator.swift */ = {isa = PBXFileReference; lastKnownFileType = sourcecode.swift; path = ActivityIndicator.swift; sourceTree = "<group>"; };
		38EF1CFE297951CA00EB5F8E /* NetworkService.swift */ = {isa = PBXFileReference; lastKnownFileType = sourcecode.swift; path = NetworkService.swift; sourceTree = "<group>"; };
		38EF1D012979527700EB5F8E /* Hash.swift */ = {isa = PBXFileReference; lastKnownFileType = sourcecode.swift; path = Hash.swift; sourceTree = "<group>"; };
		463B3DF5F97986CFA9659A9C /* Pods-Marvel-Comics.release.xcconfig */ = {isa = PBXFileReference; includeInIndex = 1; lastKnownFileType = text.xcconfig; name = "Pods-Marvel-Comics.release.xcconfig"; path = "Target Support Files/Pods-Marvel-Comics/Pods-Marvel-Comics.release.xcconfig"; sourceTree = "<group>"; };
		B9AFCC47C7E4D994191BD7F3 /* Pods-Marvel-Comics.debug.xcconfig */ = {isa = PBXFileReference; includeInIndex = 1; lastKnownFileType = text.xcconfig; name = "Pods-Marvel-Comics.debug.xcconfig"; path = "Target Support Files/Pods-Marvel-Comics/Pods-Marvel-Comics.debug.xcconfig"; sourceTree = "<group>"; };
		DB75884E3A7BF632F7CAE9DC /* Pods_Marvel_Comics.framework */ = {isa = PBXFileReference; explicitFileType = wrapper.framework; includeInIndex = 0; path = Pods_Marvel_Comics.framework; sourceTree = BUILT_PRODUCTS_DIR; };
/* End PBXFileReference section */

/* Begin PBXFrameworksBuildPhase section */
		38EF1CC62977F82500EB5F8E /* Frameworks */ = {
			isa = PBXFrameworksBuildPhase;
			buildActionMask = 2147483647;
			files = (
				D4CAF870102BCE318700763F /* Pods_Marvel_Comics.framework in Frameworks */,
			);
			runOnlyForDeploymentPostprocessing = 0;
		};
/* End PBXFrameworksBuildPhase section */

/* Begin PBXGroup section */
		38BB8F9B297AA4BD0073D1B1 /* AssemblyModuleBuilder */ = {
			isa = PBXGroup;
			children = (
				38BB8F97297A8E750073D1B1 /* AssemblyModuleBuilder.swift */,
				38BB8F9E297AA53C0073D1B1 /* AssemblyBuilderProtocol.swift */,
			);
			path = AssemblyModuleBuilder;
			sourceTree = "<group>";
		};
		38BB8FA0297AB1DE0073D1B1 /* Views */ = {
			isa = PBXGroup;
			children = (
				38EF1CFB2979511000EB5F8E /* ActivityIndicator.swift */,
				38BB8F99297A9B2E0073D1B1 /* LoadingReusableView.swift */,
				38BB8FA5297AB42E0073D1B1 /* ErrorAlert.swift */,
			);
			path = Views;
			sourceTree = "<group>";
		};
		38BB8FA1297AB2330073D1B1 /* Services */ = {
			isa = PBXGroup;
			children = (
				38BB8F9B297AA4BD0073D1B1 /* AssemblyModuleBuilder */,
				38BB8FC8297D577F0073D1B1 /* Router */,
				38EF1CFD297951BA00EB5F8E /* Networking */,
				38EF1D002979526D00EB5F8E /* Hash */,
				38BB8FA2297AB3C30073D1B1 /* BaseError */,
			);
			path = Services;
			sourceTree = "<group>";
		};
		38BB8FA2297AB3C30073D1B1 /* BaseError */ = {
			isa = PBXGroup;
			children = (
				38BB8FA3297AB3D40073D1B1 /* BaseError.swift */,
			);
			path = BaseError;
			sourceTree = "<group>";
		};
		38BB8FA7297ADBAB0073D1B1 /* CharacterDetails */ = {
			isa = PBXGroup;
			children = (
				38BB8FA8297ADBBF0073D1B1 /* Model */,
				38BB8FA9297ADBC70073D1B1 /* View */,
				38BB8FAA297ADBCD0073D1B1 /* Presenter */,
			);
			path = CharacterDetails;
			sourceTree = "<group>";
		};
		38BB8FA8297ADBBF0073D1B1 /* Model */ = {
			isa = PBXGroup;
			children = (
				38BB8FAB297ADDC70073D1B1 /* ComicDataBase.swift */,
				38BB8FAD297ADE060073D1B1 /* Comics.swift */,
				38BB8FAF297ADE390073D1B1 /* Comic.swift */,
			);
			path = Model;
			sourceTree = "<group>";
		};
		38BB8FA9297ADBC70073D1B1 /* View */ = {
			isa = PBXGroup;
			children = (
				38BB8FCD297D61290073D1B1 /* ViewController */,
				38BB8FB5297C11320073D1B1 /* TableView.swift */,
				38BB8FBB297C2F2D0073D1B1 /* HeaderView.swift */,
				38BB8FC3297C84FB0073D1B1 /* TableViewCells */,
				38BB8FC4297C850C0073D1B1 /* ComicCollectionViewCell */,
			);
			path = View;
			sourceTree = "<group>";
		};
		38BB8FAA297ADBCD0073D1B1 /* Presenter */ = {
			isa = PBXGroup;
			children = (
				38BB8FB1297ADF630073D1B1 /* CharacterDetailsPresenter.swift */,
				38BB8FCE297D61770073D1B1 /* CharacterDetailsPresenterProtocol.swift */,
			);
			path = Presenter;
			sourceTree = "<group>";
		};
		38BB8FC3297C84FB0073D1B1 /* TableViewCells */ = {
			isa = PBXGroup;
			children = (
				38BB8FB9297C15580073D1B1 /* CharacterDetailsHeaderTableViewCell.swift */,
				38BB8FBD297C398E0073D1B1 /* CharacterDescriptionTableViewCell.swift */,
				38BB8FBF297C45490073D1B1 /* CharacterComicsTableViewCell.swift */,
			);
			path = TableViewCells;
			sourceTree = "<group>";
		};
		38BB8FC4297C850C0073D1B1 /* ComicCollectionViewCell */ = {
			isa = PBXGroup;
			children = (
				38BB8FC1297C47A10073D1B1 /* ComicCollectionViewCell.swift */,
			);
			path = ComicCollectionViewCell;
			sourceTree = "<group>";
		};
		38BB8FC5297C863D0073D1B1 /* Font */ = {
			isa = PBXGroup;
			children = (
				38BB8FC6297C863D0073D1B1 /* BADABB__.TTF */,
			);
			path = Font;
			sourceTree = "<group>";
		};
		38BB8FC8297D577F0073D1B1 /* Router */ = {
			isa = PBXGroup;
			children = (
				38BB8FC9297D57940073D1B1 /* Router.swift */,
				38BB8FD7297D64220073D1B1 /* RouterProtocol.swift */,
			);
			path = Router;
			sourceTree = "<group>";
		};
		38BB8FCD297D61290073D1B1 /* ViewController */ = {
			isa = PBXGroup;
			children = (
				38BB8FB3297AE3560073D1B1 /* CharacterDetailsViewController.swift */,
				38BB8FCB297D61140073D1B1 /* CharacterDetailsViewProtocol.swift */,
			);
			path = ViewController;
			sourceTree = "<group>";
		};
		38BB8FD4297D62F50073D1B1 /* ViewController */ = {
			isa = PBXGroup;
			children = (
				38EF1CD02977F82500EB5F8E /* CharacterListViewController.swift */,
				38BB8FD2297D62DD0073D1B1 /* CharacterListViewProtocol.swift */,
			);
			path = ViewController;
			sourceTree = "<group>";
		};
		38BB8FD9297D7DB90073D1B1 /* Gif */ = {
			isa = PBXGroup;
			children = (
				38BB8FDA297D7DC40073D1B1 /* Records.gif */,
				38BB8FDC297D7E350073D1B1 /* Alert.gif */,
			);
			path = Gif;
			sourceTree = "<group>";
		};
		38EF1CC02977F82500EB5F8E = {
			isa = PBXGroup;
			children = (
				38EF1CCB2977F82500EB5F8E /* Marvel-Comics */,
				38EF1CCA2977F82500EB5F8E /* Products */,
				729914580F8DBD3EB044A31E /* Pods */,
				8B54040385BE95442575229B /* Frameworks */,
			);
			sourceTree = "<group>";
		};
		38EF1CCA2977F82500EB5F8E /* Products */ = {
			isa = PBXGroup;
			children = (
				38EF1CC92977F82500EB5F8E /* Marvel-Comics.app */,
			);
			name = Products;
			sourceTree = "<group>";
		};
		38EF1CCB2977F82500EB5F8E /* Marvel-Comics */ = {
			isa = PBXGroup;
			children = (
				38BB8FA1297AB2330073D1B1 /* Services */,
				38EF1CE02977FADE00EB5F8E /* CharacterList */,
				38BB8FA7297ADBAB0073D1B1 /* CharacterDetails */,
				38BB8FA0297AB1DE0073D1B1 /* Views */,
				38EF1CEA2978270300EB5F8E /* res */,
			);
			path = "Marvel-Comics";
			sourceTree = "<group>";
		};
		38EF1CE02977FADE00EB5F8E /* CharacterList */ = {
			isa = PBXGroup;
			children = (
				38EF1CF02979260B00EB5F8E /* Model */,
				38EF1CE52977FCDA00EB5F8E /* Views */,
				38EF1CE22977FB0300EB5F8E /* Presenter */,
			);
			path = CharacterList;
			sourceTree = "<group>";
		};
		38EF1CE22977FB0300EB5F8E /* Presenter */ = {
			isa = PBXGroup;
			children = (
				38EF1CE32977FB1400EB5F8E /* CharacterListPresenter.swift */,
				38BB8FD0297D62C70073D1B1 /* CharacterPresenterProtocol.swift */,
			);
			path = Presenter;
			sourceTree = "<group>";
		};
		38EF1CE52977FCDA00EB5F8E /* Views */ = {
			isa = PBXGroup;
			children = (
				38BB8FD4297D62F50073D1B1 /* ViewController */,
				38BB8FB7297C11CD0073D1B1 /* CollectionView.swift */,
				38EF1CE62977FCEA00EB5F8E /* CharacterCell.swift */,
			);
			path = Views;
			sourceTree = "<group>";
		};
		38EF1CEA2978270300EB5F8E /* res */ = {
			isa = PBXGroup;
			children = (
				38BB8FD9297D7DB90073D1B1 /* Gif */,
				38BB8FC5297C863D0073D1B1 /* Font */,
				38EF1CCC2977F82500EB5F8E /* AppDelegate.swift */,
				38EF1CCE2977F82500EB5F8E /* SceneDelegate.swift */,
				38EF1CD72977F82800EB5F8E /* LaunchScreen.storyboard */,
				38EF1CD52977F82800EB5F8E /* Assets.xcassets */,
				38EF1CDA2977F82800EB5F8E /* Info.plist */,
			);
			path = res;
			sourceTree = "<group>";
		};
		38EF1CF02979260B00EB5F8E /* Model */ = {
			isa = PBXGroup;
			children = (
				38EF1CF12979261B00EB5F8E /* CharacterDataBase.swift */,
				38EF1CF329794F9800EB5F8E /* Characters.swift */,
				38EF1CF529794FAC00EB5F8E /* Character.swift */,
				38EF1CF729794FC200EB5F8E /* Image.swift */,
			);
			path = Model;
			sourceTree = "<group>";
		};
		38EF1CFD297951BA00EB5F8E /* Networking */ = {
			isa = PBXGroup;
			children = (
				38EF1CFE297951CA00EB5F8E /* NetworkService.swift */,
				38BB8F9C297AA4E20073D1B1 /* NetworkServiceProtocol.swift */,
			);
			path = Networking;
			sourceTree = "<group>";
		};
		38EF1D002979526D00EB5F8E /* Hash */ = {
			isa = PBXGroup;
			children = (
				38EF1D012979527700EB5F8E /* Hash.swift */,
			);
			path = Hash;
			sourceTree = "<group>";
		};
		729914580F8DBD3EB044A31E /* Pods */ = {
			isa = PBXGroup;
			children = (
				B9AFCC47C7E4D994191BD7F3 /* Pods-Marvel-Comics.debug.xcconfig */,
				463B3DF5F97986CFA9659A9C /* Pods-Marvel-Comics.release.xcconfig */,
			);
			path = Pods;
			sourceTree = "<group>";
		};
		8B54040385BE95442575229B /* Frameworks */ = {
			isa = PBXGroup;
			children = (
				DB75884E3A7BF632F7CAE9DC /* Pods_Marvel_Comics.framework */,
			);
			name = Frameworks;
			sourceTree = "<group>";
		};
/* End PBXGroup section */

/* Begin PBXNativeTarget section */
		38EF1CC82977F82500EB5F8E /* Marvel-Comics */ = {
			isa = PBXNativeTarget;
			buildConfigurationList = 38EF1CDD2977F82800EB5F8E /* Build configuration list for PBXNativeTarget "Marvel-Comics" */;
			buildPhases = (
				CC6B12DF77A884C50FA2D14E /* [CP] Check Pods Manifest.lock */,
				38EF1CC52977F82500EB5F8E /* Sources */,
				38EF1CC62977F82500EB5F8E /* Frameworks */,
				38EF1CC72977F82500EB5F8E /* Resources */,
				AC78F07ABF3F13C36A4CA9DC /* [CP] Embed Pods Frameworks */,
			);
			buildRules = (
			);
			dependencies = (
			);
			name = "Marvel-Comics";
			productName = "Marvel-Comics";
			productReference = 38EF1CC92977F82500EB5F8E /* Marvel-Comics.app */;
			productType = "com.apple.product-type.application";
		};
/* End PBXNativeTarget section */

/* Begin PBXProject section */
		38EF1CC12977F82500EB5F8E /* Project object */ = {
			isa = PBXProject;
			attributes = {
				BuildIndependentTargetsInParallel = 1;
				LastSwiftUpdateCheck = 1410;
				LastUpgradeCheck = 1410;
				TargetAttributes = {
					38EF1CC82977F82500EB5F8E = {
						CreatedOnToolsVersion = 14.1;
					};
				};
			};
			buildConfigurationList = 38EF1CC42977F82500EB5F8E /* Build configuration list for PBXProject "Marvel-Comics" */;
			compatibilityVersion = "Xcode 14.0";
			developmentRegion = en;
			hasScannedForEncodings = 0;
			knownRegions = (
				en,
				Base,
			);
			mainGroup = 38EF1CC02977F82500EB5F8E;
			productRefGroup = 38EF1CCA2977F82500EB5F8E /* Products */;
			projectDirPath = "";
			projectRoot = "";
			targets = (
				38EF1CC82977F82500EB5F8E /* Marvel-Comics */,
			);
		};
/* End PBXProject section */

/* Begin PBXResourcesBuildPhase section */
		38EF1CC72977F82500EB5F8E /* Resources */ = {
			isa = PBXResourcesBuildPhase;
			buildActionMask = 2147483647;
			files = (
				38EF1CD92977F82800EB5F8E /* LaunchScreen.storyboard in Resources */,
				38BB8FDD297D7E350073D1B1 /* Alert.gif in Resources */,
				38BB8FDB297D7DC40073D1B1 /* Records.gif in Resources */,
				38EF1CD62977F82800EB5F8E /* Assets.xcassets in Resources */,
				38BB8FC7297C863D0073D1B1 /* BADABB__.TTF in Resources */,
			);
			runOnlyForDeploymentPostprocessing = 0;
		};
/* End PBXResourcesBuildPhase section */

/* Begin PBXShellScriptBuildPhase section */
		AC78F07ABF3F13C36A4CA9DC /* [CP] Embed Pods Frameworks */ = {
			isa = PBXShellScriptBuildPhase;
			buildActionMask = 2147483647;
			files = (
			);
			inputFileListPaths = (
				"${PODS_ROOT}/Target Support Files/Pods-Marvel-Comics/Pods-Marvel-Comics-frameworks-${CONFIGURATION}-input-files.xcfilelist",
			);
			name = "[CP] Embed Pods Frameworks";
			outputFileListPaths = (
				"${PODS_ROOT}/Target Support Files/Pods-Marvel-Comics/Pods-Marvel-Comics-frameworks-${CONFIGURATION}-output-files.xcfilelist",
			);
			runOnlyForDeploymentPostprocessing = 0;
			shellPath = /bin/sh;
			shellScript = "\"${PODS_ROOT}/Target Support Files/Pods-Marvel-Comics/Pods-Marvel-Comics-frameworks.sh\"\n";
			showEnvVarsInLog = 0;
		};
		CC6B12DF77A884C50FA2D14E /* [CP] Check Pods Manifest.lock */ = {
			isa = PBXShellScriptBuildPhase;
			buildActionMask = 2147483647;
			files = (
			);
			inputFileListPaths = (
			);
			inputPaths = (
				"${PODS_PODFILE_DIR_PATH}/Podfile.lock",
				"${PODS_ROOT}/Manifest.lock",
			);
			name = "[CP] Check Pods Manifest.lock";
			outputFileListPaths = (
			);
			outputPaths = (
				"$(DERIVED_FILE_DIR)/Pods-Marvel-Comics-checkManifestLockResult.txt",
			);
			runOnlyForDeploymentPostprocessing = 0;
			shellPath = /bin/sh;
			shellScript = "diff \"${PODS_PODFILE_DIR_PATH}/Podfile.lock\" \"${PODS_ROOT}/Manifest.lock\" > /dev/null\nif [ $? != 0 ] ; then\n    # print error to STDERR\n    echo \"error: The sandbox is not in sync with the Podfile.lock. Run 'pod install' or update your CocoaPods installation.\" >&2\n    exit 1\nfi\n# This output is used by Xcode 'outputs' to avoid re-running this script phase.\necho \"SUCCESS\" > \"${SCRIPT_OUTPUT_FILE_0}\"\n";
			showEnvVarsInLog = 0;
		};
/* End PBXShellScriptBuildPhase section */

/* Begin PBXSourcesBuildPhase section */
		38EF1CC52977F82500EB5F8E /* Sources */ = {
			isa = PBXSourcesBuildPhase;
			buildActionMask = 2147483647;
			files = (
				38BB8FA4297AB3D40073D1B1 /* BaseError.swift in Sources */,
				38EF1CF22979261B00EB5F8E /* CharacterDataBase.swift in Sources */,
				38EF1CE72977FCEA00EB5F8E /* CharacterCell.swift in Sources */,
				38BB8FC0297C45490073D1B1 /* CharacterComicsTableViewCell.swift in Sources */,
				38EF1CFF297951CA00EB5F8E /* NetworkService.swift in Sources */,
				38BB8FD3297D62DD0073D1B1 /* CharacterListViewProtocol.swift in Sources */,
				38BB8FCA297D57940073D1B1 /* Router.swift in Sources */,
				38BB8FD8297D64220073D1B1 /* RouterProtocol.swift in Sources */,
				38BB8FD1297D62C70073D1B1 /* CharacterPresenterProtocol.swift in Sources */,
				38EF1CF829794FC200EB5F8E /* Image.swift in Sources */,
				38BB8FAE297ADE060073D1B1 /* Comics.swift in Sources */,
				38EF1CF629794FAC00EB5F8E /* Character.swift in Sources */,
				38BB8F9F297AA53C0073D1B1 /* AssemblyBuilderProtocol.swift in Sources */,
				38EF1CFC2979511000EB5F8E /* ActivityIndicator.swift in Sources */,
				38EF1CE42977FB1500EB5F8E /* CharacterListPresenter.swift in Sources */,
				38BB8F9A297A9B2E0073D1B1 /* LoadingReusableView.swift in Sources */,
				38BB8FB2297ADF630073D1B1 /* CharacterDetailsPresenter.swift in Sources */,
				38BB8FA6297AB42E0073D1B1 /* ErrorAlert.swift in Sources */,
				38BB8FB6297C11320073D1B1 /* TableView.swift in Sources */,
				38EF1CD12977F82500EB5F8E /* CharacterListViewController.swift in Sources */,
				38BB8FCC297D61140073D1B1 /* CharacterDetailsViewProtocol.swift in Sources */,
				38BB8FCF297D61770073D1B1 /* CharacterDetailsPresenterProtocol.swift in Sources */,
				38EF1D022979527700EB5F8E /* Hash.swift in Sources */,
				38BB8FB8297C11CD0073D1B1 /* CollectionView.swift in Sources */,
				38EF1CCD2977F82500EB5F8E /* AppDelegate.swift in Sources */,
				38BB8FAC297ADDC70073D1B1 /* ComicDataBase.swift in Sources */,
				38BB8FBC297C2F2D0073D1B1 /* HeaderView.swift in Sources */,
				38BB8FB0297ADE390073D1B1 /* Comic.swift in Sources */,
				38BB8F98297A8E750073D1B1 /* AssemblyModuleBuilder.swift in Sources */,
				38BB8FBA297C15580073D1B1 /* CharacterDetailsHeaderTableViewCell.swift in Sources */,
				38EF1CCF2977F82500EB5F8E /* SceneDelegate.swift in Sources */,
				38BB8FB4297AE3560073D1B1 /* CharacterDetailsViewController.swift in Sources */,
				38BB8FC2297C47A10073D1B1 /* ComicCollectionViewCell.swift in Sources */,
				38EF1CF429794F9800EB5F8E /* Characters.swift in Sources */,
				38BB8FBE297C398E0073D1B1 /* CharacterDescriptionTableViewCell.swift in Sources */,
				38BB8F9D297AA4E20073D1B1 /* NetworkServiceProtocol.swift in Sources */,
			);
			runOnlyForDeploymentPostprocessing = 0;
		};
/* End PBXSourcesBuildPhase section */

/* Begin PBXVariantGroup section */
		38EF1CD72977F82800EB5F8E /* LaunchScreen.storyboard */ = {
			isa = PBXVariantGroup;
			children = (
				38EF1CD82977F82800EB5F8E /* Base */,
			);
			name = LaunchScreen.storyboard;
			sourceTree = "<group>";
		};
/* End PBXVariantGroup section */

/* Begin XCBuildConfiguration section */
		38EF1CDB2977F82800EB5F8E /* Debug */ = {
			isa = XCBuildConfiguration;
			buildSettings = {
				ALWAYS_SEARCH_USER_PATHS = NO;
				CLANG_ANALYZER_NONNULL = YES;
				CLANG_ANALYZER_NUMBER_OBJECT_CONVERSION = YES_AGGRESSIVE;
				CLANG_CXX_LANGUAGE_STANDARD = "gnu++20";
				CLANG_ENABLE_MODULES = YES;
				CLANG_ENABLE_OBJC_ARC = YES;
				CLANG_ENABLE_OBJC_WEAK = YES;
				CLANG_WARN_BLOCK_CAPTURE_AUTORELEASING = YES;
				CLANG_WARN_BOOL_CONVERSION = YES;
				CLANG_WARN_COMMA = YES;
				CLANG_WARN_CONSTANT_CONVERSION = YES;
				CLANG_WARN_DEPRECATED_OBJC_IMPLEMENTATIONS = YES;
				CLANG_WARN_DIRECT_OBJC_ISA_USAGE = YES_ERROR;
				CLANG_WARN_DOCUMENTATION_COMMENTS = YES;
				CLANG_WARN_EMPTY_BODY = YES;
				CLANG_WARN_ENUM_CONVERSION = YES;
				CLANG_WARN_INFINITE_RECURSION = YES;
				CLANG_WARN_INT_CONVERSION = YES;
				CLANG_WARN_NON_LITERAL_NULL_CONVERSION = YES;
				CLANG_WARN_OBJC_IMPLICIT_RETAIN_SELF = YES;
				CLANG_WARN_OBJC_LITERAL_CONVERSION = YES;
				CLANG_WARN_OBJC_ROOT_CLASS = YES_ERROR;
				CLANG_WARN_QUOTED_INCLUDE_IN_FRAMEWORK_HEADER = YES;
				CLANG_WARN_RANGE_LOOP_ANALYSIS = YES;
				CLANG_WARN_STRICT_PROTOTYPES = YES;
				CLANG_WARN_SUSPICIOUS_MOVE = YES;
				CLANG_WARN_UNGUARDED_AVAILABILITY = YES_AGGRESSIVE;
				CLANG_WARN_UNREACHABLE_CODE = YES;
				CLANG_WARN__DUPLICATE_METHOD_MATCH = YES;
				COPY_PHASE_STRIP = NO;
				DEBUG_INFORMATION_FORMAT = dwarf;
				ENABLE_STRICT_OBJC_MSGSEND = YES;
				ENABLE_TESTABILITY = YES;
				GCC_C_LANGUAGE_STANDARD = gnu11;
				GCC_DYNAMIC_NO_PIC = NO;
				GCC_NO_COMMON_BLOCKS = YES;
				GCC_OPTIMIZATION_LEVEL = 0;
				GCC_PREPROCESSOR_DEFINITIONS = (
					"DEBUG=1",
					"$(inherited)",
				);
				GCC_WARN_64_TO_32_BIT_CONVERSION = YES;
				GCC_WARN_ABOUT_RETURN_TYPE = YES_ERROR;
				GCC_WARN_UNDECLARED_SELECTOR = YES;
				GCC_WARN_UNINITIALIZED_AUTOS = YES_AGGRESSIVE;
				GCC_WARN_UNUSED_FUNCTION = YES;
				GCC_WARN_UNUSED_VARIABLE = YES;
				IPHONEOS_DEPLOYMENT_TARGET = 16.1;
				MTL_ENABLE_DEBUG_INFO = INCLUDE_SOURCE;
				MTL_FAST_MATH = YES;
				ONLY_ACTIVE_ARCH = YES;
				SDKROOT = iphoneos;
				SWIFT_ACTIVE_COMPILATION_CONDITIONS = DEBUG;
				SWIFT_OPTIMIZATION_LEVEL = "-Onone";
			};
			name = Debug;
		};
		38EF1CDC2977F82800EB5F8E /* Release */ = {
			isa = XCBuildConfiguration;
			buildSettings = {
				ALWAYS_SEARCH_USER_PATHS = NO;
				CLANG_ANALYZER_NONNULL = YES;
				CLANG_ANALYZER_NUMBER_OBJECT_CONVERSION = YES_AGGRESSIVE;
				CLANG_CXX_LANGUAGE_STANDARD = "gnu++20";
				CLANG_ENABLE_MODULES = YES;
				CLANG_ENABLE_OBJC_ARC = YES;
				CLANG_ENABLE_OBJC_WEAK = YES;
				CLANG_WARN_BLOCK_CAPTURE_AUTORELEASING = YES;
				CLANG_WARN_BOOL_CONVERSION = YES;
				CLANG_WARN_COMMA = YES;
				CLANG_WARN_CONSTANT_CONVERSION = YES;
				CLANG_WARN_DEPRECATED_OBJC_IMPLEMENTATIONS = YES;
				CLANG_WARN_DIRECT_OBJC_ISA_USAGE = YES_ERROR;
				CLANG_WARN_DOCUMENTATION_COMMENTS = YES;
				CLANG_WARN_EMPTY_BODY = YES;
				CLANG_WARN_ENUM_CONVERSION = YES;
				CLANG_WARN_INFINITE_RECURSION = YES;
				CLANG_WARN_INT_CONVERSION = YES;
				CLANG_WARN_NON_LITERAL_NULL_CONVERSION = YES;
				CLANG_WARN_OBJC_IMPLICIT_RETAIN_SELF = YES;
				CLANG_WARN_OBJC_LITERAL_CONVERSION = YES;
				CLANG_WARN_OBJC_ROOT_CLASS = YES_ERROR;
				CLANG_WARN_QUOTED_INCLUDE_IN_FRAMEWORK_HEADER = YES;
				CLANG_WARN_RANGE_LOOP_ANALYSIS = YES;
				CLANG_WARN_STRICT_PROTOTYPES = YES;
				CLANG_WARN_SUSPICIOUS_MOVE = YES;
				CLANG_WARN_UNGUARDED_AVAILABILITY = YES_AGGRESSIVE;
				CLANG_WARN_UNREACHABLE_CODE = YES;
				CLANG_WARN__DUPLICATE_METHOD_MATCH = YES;
				COPY_PHASE_STRIP = NO;
				DEBUG_INFORMATION_FORMAT = "dwarf-with-dsym";
				ENABLE_NS_ASSERTIONS = NO;
				ENABLE_STRICT_OBJC_MSGSEND = YES;
				GCC_C_LANGUAGE_STANDARD = gnu11;
				GCC_NO_COMMON_BLOCKS = YES;
				GCC_WARN_64_TO_32_BIT_CONVERSION = YES;
				GCC_WARN_ABOUT_RETURN_TYPE = YES_ERROR;
				GCC_WARN_UNDECLARED_SELECTOR = YES;
				GCC_WARN_UNINITIALIZED_AUTOS = YES_AGGRESSIVE;
				GCC_WARN_UNUSED_FUNCTION = YES;
				GCC_WARN_UNUSED_VARIABLE = YES;
				IPHONEOS_DEPLOYMENT_TARGET = 16.1;
				MTL_ENABLE_DEBUG_INFO = NO;
				MTL_FAST_MATH = YES;
				SDKROOT = iphoneos;
				SWIFT_COMPILATION_MODE = wholemodule;
				SWIFT_OPTIMIZATION_LEVEL = "-O";
				VALIDATE_PRODUCT = YES;
			};
			name = Release;
		};
		38EF1CDE2977F82800EB5F8E /* Debug */ = {
			isa = XCBuildConfiguration;
			baseConfigurationReference = B9AFCC47C7E4D994191BD7F3 /* Pods-Marvel-Comics.debug.xcconfig */;
			buildSettings = {
				ASSETCATALOG_COMPILER_APPICON_NAME = AppIcon;
				ASSETCATALOG_COMPILER_GLOBAL_ACCENT_COLOR_NAME = AccentColor;
				CODE_SIGN_STYLE = Automatic;
				CURRENT_PROJECT_VERSION = 1;
				DEVELOPMENT_TEAM = JPN4ML425P;
				GENERATE_INFOPLIST_FILE = YES;
				INFOPLIST_FILE = "Marvel-Comics/res/Info.plist";
				INFOPLIST_KEY_UIApplicationSupportsIndirectInputEvents = YES;
				INFOPLIST_KEY_UILaunchStoryboardName = LaunchScreen;
				INFOPLIST_KEY_UISupportedInterfaceOrientations_iPad = "UIInterfaceOrientationPortrait UIInterfaceOrientationPortraitUpsideDown UIInterfaceOrientationLandscapeLeft UIInterfaceOrientationLandscapeRight";
				INFOPLIST_KEY_UISupportedInterfaceOrientations_iPhone = "UIInterfaceOrientationPortrait UIInterfaceOrientationLandscapeLeft UIInterfaceOrientationLandscapeRight";
				LD_RUNPATH_SEARCH_PATHS = (
					"$(inherited)",
					"@executable_path/Frameworks",
				);
				MARKETING_VERSION = 1.0;
				PRODUCT_BUNDLE_IDENTIFIER = "Tomilo.A.Marvel-Comics";
				PRODUCT_NAME = "$(TARGET_NAME)";
				SWIFT_EMIT_LOC_STRINGS = YES;
				SWIFT_VERSION = 5.0;
				TARGETED_DEVICE_FAMILY = "1,2";
			};
			name = Debug;
		};
		38EF1CDF2977F82800EB5F8E /* Release */ = {
			isa = XCBuildConfiguration;
			baseConfigurationReference = 463B3DF5F97986CFA9659A9C /* Pods-Marvel-Comics.release.xcconfig */;
			buildSettings = {
				ASSETCATALOG_COMPILER_APPICON_NAME = AppIcon;
				ASSETCATALOG_COMPILER_GLOBAL_ACCENT_COLOR_NAME = AccentColor;
				CODE_SIGN_STYLE = Automatic;
				CURRENT_PROJECT_VERSION = 1;
				DEVELOPMENT_TEAM = JPN4ML425P;
				GENERATE_INFOPLIST_FILE = YES;
				INFOPLIST_FILE = "Marvel-Comics/res/Info.plist";
				INFOPLIST_KEY_UIApplicationSupportsIndirectInputEvents = YES;
				INFOPLIST_KEY_UILaunchStoryboardName = LaunchScreen;
				INFOPLIST_KEY_UISupportedInterfaceOrientations_iPad = "UIInterfaceOrientationPortrait UIInterfaceOrientationPortraitUpsideDown UIInterfaceOrientationLandscapeLeft UIInterfaceOrientationLandscapeRight";
				INFOPLIST_KEY_UISupportedInterfaceOrientations_iPhone = "UIInterfaceOrientationPortrait UIInterfaceOrientationLandscapeLeft UIInterfaceOrientationLandscapeRight";
				LD_RUNPATH_SEARCH_PATHS = (
					"$(inherited)",
					"@executable_path/Frameworks",
				);
				MARKETING_VERSION = 1.0;
				PRODUCT_BUNDLE_IDENTIFIER = "Tomilo.A.Marvel-Comics";
				PRODUCT_NAME = "$(TARGET_NAME)";
				SWIFT_EMIT_LOC_STRINGS = YES;
				SWIFT_VERSION = 5.0;
				TARGETED_DEVICE_FAMILY = "1,2";
			};
			name = Release;
		};
/* End XCBuildConfiguration section */

/* Begin XCConfigurationList section */
		38EF1CC42977F82500EB5F8E /* Build configuration list for PBXProject "Marvel-Comics" */ = {
			isa = XCConfigurationList;
			buildConfigurations = (
				38EF1CDB2977F82800EB5F8E /* Debug */,
				38EF1CDC2977F82800EB5F8E /* Release */,
			);
			defaultConfigurationIsVisible = 0;
			defaultConfigurationName = Release;
		};
		38EF1CDD2977F82800EB5F8E /* Build configuration list for PBXNativeTarget "Marvel-Comics" */ = {
			isa = XCConfigurationList;
			buildConfigurations = (
				38EF1CDE2977F82800EB5F8E /* Debug */,
				38EF1CDF2977F82800EB5F8E /* Release */,
			);
			defaultConfigurationIsVisible = 0;
			defaultConfigurationName = Release;
		};
/* End XCConfigurationList section */
	};
	rootObject = 38EF1CC12977F82500EB5F8E /* Project object */;
}
